
Microsoft Visual Studio Solution File, Format Version 12.00
# Visual Studio Version 16
VisualStudioVersion = 16.0.29102.190
MinimumVisualStudioVersion = 10.0.40219.1
Project("{9A19103F-16F7-4668-BE54-9A1E7A4F7556}") = "Compare", "Compare\Compare.csproj", "{EF319AFC-64F5-4CE5-9522-293ECFB0A9D9}"
EndProject
Project("{FAE04EC0-301F-11D3-BF4B-00C04F79EFBC}") = "Client", "Client\Client.csproj", "{EC8095BF-536B-461F-B18B-394989AC99FB}"
EndProject
Global
	GlobalSection(SolutionConfigurationPlatforms) = preSolution
		Debug|Any CPU = Debug|Any CPU
		Release|Any CPU = Release|Any CPU
	EndGlobalSection
	GlobalSection(ProjectConfigurationPlatforms) = postSolution
		{EF319AFC-64F5-4CE5-9522-293ECFB0A9D9}.Debug|Any CPU.ActiveCfg = Debug|Any CPU
		{EF319AFC-64F5-4CE5-9522-293ECFB0A9D9}.Debug|Any CPU.Build.0 = Debug|Any CPU
		{EF319AFC-64F5-4CE5-9522-293ECFB0A9D9}.Release|Any CPU.ActiveCfg = Release|Any CPU
		{EF319AFC-64F5-4CE5-9522-293ECFB0A9D9}.Release|Any CPU.Build.0 = Release|Any CPU
		{EC8095BF-536B-461F-B18B-394989AC99FB}.Debug|Any CPU.ActiveCfg = Debug|Any CPU
		{EC8095BF-536B-461F-B18B-394989AC99FB}.Debug|Any CPU.Build.0 = Debug|Any CPU
		{EC8095BF-536B-461F-B18B-394989AC99FB}.Release|Any CPU.ActiveCfg = Release|Any CPU
		{EC8095BF-536B-461F-B18B-394989AC99FB}.Release|Any CPU.Build.0 = Release|Any CPU
	EndGlobalSection
	GlobalSection(SolutionProperties) = preSolution
		HideSolutionNode = FALSE
	EndGlobalSection
	GlobalSection(ExtensibilityGlobals) = postSolution
		SolutionGuid = {86EE1E84-76E3-4CA4-90D8-3B6B3916FA05}
	EndGlobalSection
EndGlobal
